/mnt/HDD12TB/pathogen_reruns/streptococcus_dysgalactiae_pyogenes_equi/marge/4-visualize/cluster_distribution.html
/mnt/HDD12TB/pathogen_reruns/streptococcus_dysgalactiae_pyogenes_equi/marge/genomes/selected_accessions.txt
/mnt/HDD12TB/pathogen_reruns/streptococcus_dysgalactiae_pyogenes_equi/marge/genomes/uncompressed
/mnt/HDD12TB/pathogen_reruns/streptococcus_dysgalactiae_pyogenes_equi/marge/2-distances/distances.txt
/mnt/HDD12TB/pathogen_reruns/streptococcus_dysgalactiae_pyogenes_equi/marge/1-sketch/genomes_sketch.msh
/mnt/HDD12TB/pathogen_reruns/streptococcus_dysgalactiae_pyogenes_equi/marge/1-sketch/targets.txt
/mnt/HDD12TB/pathogen_reruns/streptococcus_dysgalactiae_pyogenes_equi/marge/1-sketch/non_targets.txt
/mnt/HDD12TB/pathogen_reruns/streptococcus_dysgalactiae_pyogenes_equi/marge/0-download/genomes
/mnt/HDD12TB/pathogen_reruns/streptococcus_dysgalactiae_pyogenes_equi/marge/0-download/genome_list.txt
/mnt/HDD12TB/pathogen_reruns/streptococcus_dysgalactiae_pyogenes_equi/marge/3-cluster/representatives.txt
/mnt/HDD12TB/pathogen_reruns/streptococcus_dysgalactiae_pyogenes_equi/marge/3-cluster/clustering_data.json
